<?xml version="1.0" encoding="UTF-8"?>
<Scheme
   LastUpgradeVersion = "0500"
   version = "1.3">
   <BuildAction
      parallelizeBuildables = "YES"
      buildImplicitDependencies = "YES">
      <BuildActionEntries>
         <BuildActionEntry
            buildForTesting = "YES"
            buildForRunning = "YES"
            buildForProfiling = "YES"
            buildForArchiving = "YES"
            buildForAnalyzing = "YES">
            <BuildableReference
               BuildableIdentifier = "primary"
               BlueprintIdentifier = "F27EDA6A1871F77000273A80"
               BuildableName = "Tutorial1.app"
               BlueprintName = "Tutorial1"
               ReferencedContainer = "container:AddLive iOS Tutorials.xcodeproj">
            </BuildableReference>
         </BuildActionEntry>
      </BuildActionEntries>
   </BuildAction>
   <TestAction
      selectedDebuggerIdentifier = "Xcode.DebuggerFoundation.Debugger.LLDB"
      selectedLauncherIdentifier = "Xcode.DebuggerFoundation.Launcher.LLDB"
      shouldUseLaunchSchemeArgsEnv = "YES"
      buildConfiguration = "Debug">
      <Testables>
         <TestableReference
            skipped = "NO">
            <BuildableReference
               BuildableIdentifier = "primary"
               BlueprintIdentifier = "AA1135FE18A1B922001BFA6A"
               BuildableName = "Tutorial5Tests.xctest"
               BlueprintName = "Tutorial5Tests"
               ReferencedContainer = "container:AddLive iOS Tutorials.xcodeproj">
            </BuildableReference>
         </TestableReference>
         <TestableReference
            skipped = "NO">
            <BuildableReference
               BuildableIdentifier = "primary"
               BlueprintIdentifier = "AADDB31018A431BF00298780"
               BuildableName = "Tutorial7Tests.xctest"
               BlueprintName = "Tutorial7Tests"
               ReferencedContainer = "container:AddLive iOS Tutorials.xcodeproj">
            </BuildableReference>
         </TestableReference>
         <TestableReference
            skipped = "NO">
            <BuildableReference
               BuildableIdentifier = "primary"
               BlueprintIdentifier = "AA578E3118A692C90063E390"
               BuildableName = "Tutorial8Tests.xctest"
               BlueprintName = "Tutorial8Tests"
               ReferencedContainer = "container:AddLive iOS Tutorials.xcodeproj">
            </BuildableReference>
         </TestableReference>
         <TestableReference
            skipped = "NO">
            <BuildableReference
               BuildableIdentifier = "primary"
               BlueprintIdentifier = "AACB245A18B7E7C900F64D3A"
               BuildableName = "Tutoial6Tests.xctest"
               BlueprintName = "Tutoial6Tests"
               ReferencedContainer = "container:AddLive iOS Tutorials.xcodeproj">
            </BuildableReference>
         </TestableReference>
         <TestableReference
            skipped = "NO">
            <BuildableReference
               BuildableIdentifier = "primary"
               BlueprintIdentifier = "AACB249118B7E81600F64D3A"
               BuildableName = "Tutorial6Tests.xctest"
               BlueprintName = "Tutorial6Tests"
               ReferencedContainer = "container:AddLive iOS Tutorials.xcodeproj">
            </BuildableReference>
         </TestableReference>
         <TestableReference
            skipped = "NO">
            <BuildableReference
               BuildableIdentifier = "primary"
               BlueprintIdentifier = "AA13091218D6FE1700AA3338"
               BuildableName = "Tutorial6.1Tests.xctest"
               BlueprintName = "Tutorial6.1Tests"
               ReferencedContainer = "container:AddLive iOS Tutorials.xcodeproj">
            </BuildableReference>
         </TestableReference>
         <TestableReference
            skipped = "NO">
            <BuildableReference
               BuildableIdentifier = "primary"
               BlueprintIdentifier = "AA5684C618DA2D0100BF818F"
               BuildableName = "Tutorial2.1Tests.xctest"
               BlueprintName = "Tutorial2.1Tests"
               ReferencedContainer = "container:AddLive iOS Tutorials.xcodeproj">
            </BuildableReference>
         </TestableReference>
         <TestableReference
            skipped = "NO">
            <BuildableReference
               BuildableIdentifier = "primary"
               BlueprintIdentifier = "AAEC23BD18DC705E00D01246"
               BuildableName = "Tutorial4.1Tests.xctest"
               BlueprintName = "Tutorial4.1Tests"
               ReferencedContainer = "container:AddLive iOS Tutorials.xcodeproj">
            </BuildableReference>
         </TestableReference>
         <TestableReference
            skipped = "NO">
            <BuildableReference
               BuildableIdentifier = "primary"
               BlueprintIdentifier = "AAAEE13218E1A6CF00AEAEDB"
               BuildableName = "Tutorial3.1Tests.xctest"
               BlueprintName = "Tutorial3.1Tests"
               ReferencedContainer = "container:AddLive iOS Tutorials.xcodeproj">
            </BuildableReference>
         </TestableReference>
      </Testables>
      <MacroExpansion>
         <BuildableReference
            BuildableIdentifier = "primary"
            BlueprintIdentifier = "F27EDA6A1871F77000273A80"
            BuildableName = "Tutorial1.app"
            BlueprintName = "Tutorial1"
            ReferencedContainer = "container:AddLive iOS Tutorials.xcodeproj">
         </BuildableReference>
      </MacroExpansion>
   </TestAction>
   <LaunchAction
      selectedDebuggerIdentifier = "Xcode.DebuggerFoundation.Debugger.LLDB"
      selectedLauncherIdentifier = "Xcode.DebuggerFoundation.Launcher.LLDB"
      launchStyle = "0"
      useCustomWorkingDirectory = "NO"
      buildConfiguration = "Debug"
      ignoresPersistentStateOnLaunch = "NO"
      debugDocumentVersioning = "YES"
      allowLocationSimulation = "YES">
      <BuildableProductRunnable>
         <BuildableReference
            BuildableIdentifier = "primary"
            BlueprintIdentifier = "F27EDA6A1871F77000273A80"
            BuildableName = "Tutorial1.app"
            BlueprintName = "Tutorial1"
            ReferencedContainer = "container:AddLive iOS Tutorials.xcodeproj">
         </BuildableReference>
      </BuildableProductRunnable>
      <AdditionalOptions>
      </AdditionalOptions>
   </LaunchAction>
   <ProfileAction
      shouldUseLaunchSchemeArgsEnv = "YES"
      savedToolIdentifier = ""
      useCustomWorkingDirectory = "NO"
      buildConfiguration = "Release"
      debugDocumentVersioning = "YES">
      <BuildableProductRunnable>
         <BuildableReference
            BuildableIdentifier = "primary"
            BlueprintIdentifier = "F27EDA6A1871F77000273A80"
            BuildableName = "Tutorial1.app"
            BlueprintName = "Tutorial1"
            ReferencedContainer = "container:AddLive iOS Tutorials.xcodeproj">
         </BuildableReference>
      </BuildableProductRunnable>
   </ProfileAction>
   <AnalyzeAction
      buildConfiguration = "Debug">
   </AnalyzeAction>
   <ArchiveAction
      buildConfiguration = "Release"
      revealArchiveInOrganizer = "YES">
   </ArchiveAction>
</Scheme>
